{
  "name": "martian-cidr",
  "version": "2.0.3",
  "lockfileVersion": 3,
  "requires": true,
  "packages": {
    "": {
      "name": "martian-cidr",
      "version": "2.0.3",
      "license": "MIT",
      "dependencies": {
        "ipaddr.js": "^2.0.0"
      },
      "devDependencies": {},
      "engines": {
        "node": ">=14"
      }
    },
    "node_modules/ipaddr.js": {
      "version": "2.1.0",
      "resolved": "https://registry.npmjs.org/ipaddr.js/-/ipaddr.js-2.1.0.tgz",
      "integrity": "sha512-LlbxQ7xKzfBusov6UMi4MFpEg0m+mAm9xyNGEduwXMEDuf4WfzB/RZwMVYEd7IKGvh4IUkEXYxtAVu9T3OelJQ==",
      "engines": {
        "node": ">= 10"
      }
    }
  }
}
