# THIS IS AN AUTOGENERATED FILE. DO NOT EDIT THIS FILE DIRECTLY.
# yarn lockfile v1


ipaddr.js@^2.0.0:
  version "2.0.1"
  resolved "https://registry.yarnpkg.com/ipaddr.js/-/ipaddr.js-2.0.1.tgz#eca256a7a877e917aeb368b0a7497ddf42ef81c0"
  integrity sha512-1qTgH9NG+IIJ4yfKs2e6Pp1bZg8wbDbKHT21HrLIeYBTRLgMYKnMTPAuI3Lcs61nfx5h1xlXnbJtH1kX5/d/ng==
