# THIS IS AN AUTOGENERATED FILE. DO NOT EDIT THIS FILE DIRECTLY.
# yarn lockfile v1


ipaddr.js@^2.0.0:
  version "2.1.0"
  resolved "https://registry.yarnpkg.com/ipaddr.js/-/ipaddr.js-2.1.0.tgz#2119bc447ff8c257753b196fc5f1ce08a4cdf39f"
  integrity sha512-LlbxQ7xKzfBusov6UMi4MFpEg0m+mAm9xyNGEduwXMEDuf4WfzB/RZwMVYEd7IKGvh4IUkEXYxtAVu9T3OelJQ==
